
Microsoft Visual Studio Solution File, Format Version 12.00
# Visual Studio Version 17
VisualStudioVersion = 17.8.34330.188
MinimumVisualStudioVersion = 10.0.40219.1
Project("{2150E333-8FDC-42A3-9474-1A3956D46DE8}") = "MusicStore", "MusicStore", "{D670F0A2-CD97-49A9-AE97-AF46E48833F0}"
EndProject
Project("{2150E333-8FDC-42A3-9474-1A3956D46DE8}") = "OnLineExam", "OnLineExam", "{D26BF5E0-7E42-4826-A062-E4883CA16127}"
EndProject
Project("{2150E333-8FDC-42A3-9474-1A3956D46DE8}") = "BeautySalonSys", "BeautySalonSys", "{AF9ACA1C-0A53-4527-A951-64E221CDA06B}"
EndProject
Project("{FAE04EC0-301F-11D3-BF4B-00C04F79EFBC}") = "BeautySalon", "..\BeautySalonSystem\BeautySalon\BeautySalon.csproj", "{5847FDAC-2744-4D99-BE37-BBF79A5CA9D7}"
EndProject
Project("{FAE04EC0-301F-11D3-BF4B-00C04F79EFBC}") = "BeautySalon.Comm", "..\BeautySalonSystem\BeautySalon.Comm\BeautySalon.Comm.csproj", "{2480B0A8-3049-4010-B696-5F1E197FAA51}"
EndProject
Project("{FAE04EC0-301F-11D3-BF4B-00C04F79EFBC}") = "BeautySalon.Models", "..\BeautySalonSystem\BeautySalon.Models\BeautySalon.Models.csproj", "{447457C7-1D73-405F-B020-AB6C53000705}"
EndProject
Project("{FAE04EC0-301F-11D3-BF4B-00C04F79EFBC}") = "BeautySalon.DataDAL", "..\BeautySalonSystem\BeautySalon.DataDAL\BeautySalon.DataDAL.csproj", "{176FDAA4-951B-4BAE-9EF5-41BC2699C37C}"
EndProject
Global
	GlobalSection(SolutionConfigurationPlatforms) = preSolution
		Debug|Any CPU = Debug|Any CPU
		Release|Any CPU = Release|Any CPU
	EndGlobalSection
	GlobalSection(ProjectConfigurationPlatforms) = postSolution
		{5847FDAC-2744-4D99-BE37-BBF79A5CA9D7}.Debug|Any CPU.ActiveCfg = Debug|Any CPU
		{5847FDAC-2744-4D99-BE37-BBF79A5CA9D7}.Debug|Any CPU.Build.0 = Debug|Any CPU
		{5847FDAC-2744-4D99-BE37-BBF79A5CA9D7}.Release|Any CPU.ActiveCfg = Release|Any CPU
		{5847FDAC-2744-4D99-BE37-BBF79A5CA9D7}.Release|Any CPU.Build.0 = Release|Any CPU
		{2480B0A8-3049-4010-B696-5F1E197FAA51}.Debug|Any CPU.ActiveCfg = Debug|Any CPU
		{2480B0A8-3049-4010-B696-5F1E197FAA51}.Debug|Any CPU.Build.0 = Debug|Any CPU
		{2480B0A8-3049-4010-B696-5F1E197FAA51}.Release|Any CPU.ActiveCfg = Release|Any CPU
		{2480B0A8-3049-4010-B696-5F1E197FAA51}.Release|Any CPU.Build.0 = Release|Any CPU
		{447457C7-1D73-405F-B020-AB6C53000705}.Debug|Any CPU.ActiveCfg = Debug|Any CPU
		{447457C7-1D73-405F-B020-AB6C53000705}.Debug|Any CPU.Build.0 = Debug|Any CPU
		{447457C7-1D73-405F-B020-AB6C53000705}.Release|Any CPU.ActiveCfg = Release|Any CPU
		{447457C7-1D73-405F-B020-AB6C53000705}.Release|Any CPU.Build.0 = Release|Any CPU
		{176FDAA4-951B-4BAE-9EF5-41BC2699C37C}.Debug|Any CPU.ActiveCfg = Debug|Any CPU
		{176FDAA4-951B-4BAE-9EF5-41BC2699C37C}.Debug|Any CPU.Build.0 = Debug|Any CPU
		{176FDAA4-951B-4BAE-9EF5-41BC2699C37C}.Release|Any CPU.ActiveCfg = Release|Any CPU
		{176FDAA4-951B-4BAE-9EF5-41BC2699C37C}.Release|Any CPU.Build.0 = Release|Any CPU
	EndGlobalSection
	GlobalSection(SolutionProperties) = preSolution
		HideSolutionNode = FALSE
	EndGlobalSection
	GlobalSection(NestedProjects) = preSolution
		{5847FDAC-2744-4D99-BE37-BBF79A5CA9D7} = {AF9ACA1C-0A53-4527-A951-64E221CDA06B}
		{2480B0A8-3049-4010-B696-5F1E197FAA51} = {AF9ACA1C-0A53-4527-A951-64E221CDA06B}
		{447457C7-1D73-405F-B020-AB6C53000705} = {AF9ACA1C-0A53-4527-A951-64E221CDA06B}
		{176FDAA4-951B-4BAE-9EF5-41BC2699C37C} = {AF9ACA1C-0A53-4527-A951-64E221CDA06B}
	EndGlobalSection
	GlobalSection(ExtensibilityGlobals) = postSolution
		SolutionGuid = {C6E5C43E-E4CF-4076-B00A-6806E2C38329}
	EndGlobalSection
EndGlobal
